
Microsoft Visual Studio Solution File, Format Version 12.00
# Visual Studio Version 17
VisualStudioVersion = 17.9.34607.119
MinimumVisualStudioVersion = 10.0.40219.1
Project("{9A19103F-16F7-4668-BE54-9A1E7A4F7556}") = "eTicket", "eTicket.csproj", "{ED6DFFD2-1975-4E92-8A96-20AB5EA0F278}"
EndProject
Global
	GlobalSection(SolutionConfigurationPlatforms) = preSolution
		Debug|Any CPU = Debug|Any CPU
		Release|Any CPU = Release|Any CPU
	EndGlobalSection
	GlobalSection(ProjectConfigurationPlatforms) = postSolution
		{ED6DFFD2-1975-4E92-8A96-20AB5EA0F278}.Debug|Any CPU.ActiveCfg = Debug|Any CPU
		{ED6DFFD2-1975-4E92-8A96-20AB5EA0F278}.Debug|Any CPU.Build.0 = Debug|Any CPU
		{ED6DFFD2-1975-4E92-8A96-20AB5EA0F278}.Release|Any CPU.ActiveCfg = Release|Any CPU
		{ED6DFFD2-1975-4E92-8A96-20AB5EA0F278}.Release|Any CPU.Build.0 = Release|Any CPU
	EndGlobalSection
	GlobalSection(SolutionProperties) = preSolution
		HideSolutionNode = FALSE
	EndGlobalSection
	GlobalSection(ExtensibilityGlobals) = postSolution
		SolutionGuid = {F7DE7329-1E74-487C-B604-07EB11BF5902}
	EndGlobalSection
EndGlobal
